// !$*UTF8*$!
{
	archiveVersion = 1;
	classes = {
	};
	objectVersion = 50;
	objects = {

/* Begin PBXBuildFile section */
		49C5DA3A2606612400D97A3E /* AppDelegate.m in Sources */ = {isa = PBXBuildFile; fileRef = 49C5DA392606612400D97A3E /* AppDelegate.m */; };
		49C5DA3C2606612500D97A3E /* Assets.xcassets in Resources */ = {isa = PBXBuildFile; fileRef = 49C5DA3B2606612500D97A3E /* Assets.xcassets */; };
		49C5DA3F2606612500D97A3E /* MainMenu.xib in Resources */ = {isa = PBXBuildFile; fileRef = 49C5DA3D2606612500D97A3E /* MainMenu.xib */; };
		49C5DA542606636900D97A3E /* inspector.cpp in Sources */ = {isa = PBXBuildFile; fileRef = 49C5DA532606636900D97A3E /* inspector.cpp */; };
		49C5DA59260664AD00D97A3E /* sciter-osx-main.mm in Sources */ = {isa = PBXBuildFile; fileRef = 49C5DA58260664AD00D97A3E /* sciter-osx-main.mm */; };
/* End PBXBuildFile section */

/* Begin PBXFileReference section */
		495278592606A86B0002A42C /* libsciter.dylib */ = {isa = PBXFileReference; explicitFileType = "compiled.mach-o.dylib"; path = libsciter.dylib; sourceTree = BUILT_PRODUCTS_DIR; };
		495278652606AAD50002A42C /* libsciter.dylib */ = {isa = PBXFileReference; explicitFileType = "compiled.mach-o.dylib"; path = libsciter.dylib; sourceTree = BUILT_PRODUCTS_DIR; };
		49C5DA352606612400D97A3E /* inspector.app */ = {isa = PBXFileReference; explicitFileType = wrapper.application; includeInIndex = 0; path = inspector.app; sourceTree = BUILT_PRODUCTS_DIR; };
		49C5DA382606612400D97A3E /* AppDelegate.h */ = {isa = PBXFileReference; lastKnownFileType = sourcecode.c.h; path = AppDelegate.h; sourceTree = "<group>"; };
		49C5DA392606612400D97A3E /* AppDelegate.m */ = {isa = PBXFileReference; lastKnownFileType = sourcecode.c.objc; path = AppDelegate.m; sourceTree = "<group>"; };
		49C5DA3B2606612500D97A3E /* Assets.xcassets */ = {isa = PBXFileReference; lastKnownFileType = folder.assetcatalog; path = Assets.xcassets; sourceTree = "<group>"; };
		49C5DA3E2606612500D97A3E /* Base */ = {isa = PBXFileReference; lastKnownFileType = file.xib; name = Base; path = Base.lproj/MainMenu.xib; sourceTree = "<group>"; };
		49C5DA402606612500D97A3E /* Info.plist */ = {isa = PBXFileReference; lastKnownFileType = text.plist.xml; path = Info.plist; sourceTree = "<group>"; };
		49C5DA432606612500D97A3E /* inspector.entitlements */ = {isa = PBXFileReference; lastKnownFileType = text.plist.entitlements; path = inspector.entitlements; sourceTree = "<group>"; };
		49C5DA4B2606616000D97A3E /* Foundation.framework */ = {isa = PBXFileReference; lastKnownFileType = wrapper.framework; name = Foundation.framework; path = System/Library/Frameworks/Foundation.framework; sourceTree = SDKROOT; };
		49C5DA532606636900D97A3E /* inspector.cpp */ = {isa = PBXFileReference; fileEncoding = 4; lastKnownFileType = sourcecode.cpp.cpp; name = inspector.cpp; path = ../inspector.cpp; sourceTree = "<group>"; };
		49C5DA58260664AD00D97A3E /* sciter-osx-main.mm */ = {isa = PBXFileReference; fileEncoding = 4; lastKnownFileType = sourcecode.cpp.objcpp; name = "sciter-osx-main.mm"; path = "/Users/andrew/sciter/sdk.js/demos/usciter/macosx/usciter/../../../../include/sciter-osx-main.mm"; sourceTree = "<absolute>"; };
/* End PBXFileReference section */

/* Begin PBXFrameworksBuildPhase section */
		49C5DA322606612400D97A3E /* Frameworks */ = {
			isa = PBXFrameworksBuildPhase;
			buildActionMask = 2147483647;
			files = (
			);
			runOnlyForDeploymentPostprocessing = 0;
		};
/* End PBXFrameworksBuildPhase section */

/* Begin PBXGroup section */
		49C5DA2C2606612400D97A3E = {
			isa = PBXGroup;
			children = (
				49C5DA532606636900D97A3E /* inspector.cpp */,
				49C5DA372606612400D97A3E /* inspector */,
				49C5DA362606612400D97A3E /* Products */,
				49C5DA4A2606616000D97A3E /* Frameworks */,
			);
			sourceTree = "<group>";
		};
		49C5DA362606612400D97A3E /* Products */ = {
			isa = PBXGroup;
			children = (
				49C5DA352606612400D97A3E /* inspector.app */,
			);
			name = Products;
			sourceTree = "<group>";
		};
		49C5DA372606612400D97A3E /* inspector */ = {
			isa = PBXGroup;
			children = (
				49C5DA58260664AD00D97A3E /* sciter-osx-main.mm */,
				49C5DA382606612400D97A3E /* AppDelegate.h */,
				49C5DA392606612400D97A3E /* AppDelegate.m */,
				49C5DA3B2606612500D97A3E /* Assets.xcassets */,
				49C5DA3D2606612500D97A3E /* MainMenu.xib */,
				49C5DA402606612500D97A3E /* Info.plist */,
				49C5DA432606612500D97A3E /* inspector.entitlements */,
			);
			path = inspector;
			sourceTree = "<group>";
		};
		49C5DA4A2606616000D97A3E /* Frameworks */ = {
			isa = PBXGroup;
			children = (
				495278652606AAD50002A42C /* libsciter.dylib */,
				495278592606A86B0002A42C /* libsciter.dylib */,
				49C5DA4B2606616000D97A3E /* Foundation.framework */,
			);
			name = Frameworks;
			sourceTree = "<group>";
		};
/* End PBXGroup section */

/* Begin PBXNativeTarget section */
		49C5DA342606612400D97A3E /* inspector */ = {
			isa = PBXNativeTarget;
			buildConfigurationList = 49C5DA462606612500D97A3E /* Build configuration list for PBXNativeTarget "inspector" */;
			buildPhases = (
				49C5DA312606612400D97A3E /* Sources */,
				49C5DA322606612400D97A3E /* Frameworks */,
				49C5DA332606612400D97A3E /* Resources */,
			);
			buildRules = (
			);
			dependencies = (
			);
			name = inspector;
			productName = inspector;
			productReference = 49C5DA352606612400D97A3E /* inspector.app */;
			productType = "com.apple.product-type.application";
		};
/* End PBXNativeTarget section */

/* Begin PBXProject section */
		49C5DA2D2606612400D97A3E /* Project object */ = {
			isa = PBXProject;
			attributes = {
				LastUpgradeCheck = 1240;
				TargetAttributes = {
					49C5DA342606612400D97A3E = {
						CreatedOnToolsVersion = 12.4;
					};
				};
			};
			buildConfigurationList = 49C5DA302606612400D97A3E /* Build configuration list for PBXProject "inspector" */;
			compatibilityVersion = "Xcode 9.3";
			developmentRegion = en;
			hasScannedForEncodings = 0;
			knownRegions = (
				en,
				Base,
			);
			mainGroup = 49C5DA2C2606612400D97A3E;
			productRefGroup = 49C5DA362606612400D97A3E /* Products */;
			projectDirPath = "";
			projectRoot = "";
			targets = (
				49C5DA342606612400D97A3E /* inspector */,
			);
		};
/* End PBXProject section */

/* Begin PBXResourcesBuildPhase section */
		49C5DA332606612400D97A3E /* Resources */ = {
			isa = PBXResourcesBuildPhase;
			buildActionMask = 2147483647;
			files = (
				49C5DA3C2606612500D97A3E /* Assets.xcassets in Resources */,
				49C5DA3F2606612500D97A3E /* MainMenu.xib in Resources */,
			);
			runOnlyForDeploymentPostprocessing = 0;
		};
/* End PBXResourcesBuildPhase section */

/* Begin PBXSourcesBuildPhase section */
		49C5DA312606612400D97A3E /* Sources */ = {
			isa = PBXSourcesBuildPhase;
			buildActionMask = 2147483647;
			files = (
				49C5DA3A2606612400D97A3E /* AppDelegate.m in Sources */,
				49C5DA542606636900D97A3E /* inspector.cpp in Sources */,
				49C5DA59260664AD00D97A3E /* sciter-osx-main.mm in Sources */,
			);
			runOnlyForDeploymentPostprocessing = 0;
		};
/* End PBXSourcesBuildPhase section */

/* Begin PBXVariantGroup section */
		49C5DA3D2606612500D97A3E /* MainMenu.xib */ = {
			isa = PBXVariantGroup;
			children = (
				49C5DA3E2606612500D97A3E /* Base */,
			);
			name = MainMenu.xib;
			sourceTree = "<group>";
		};
/* End PBXVariantGroup section */

/* Begin XCBuildConfiguration section */
		49C5DA442606612500D97A3E /* Debug */ = {
			isa = XCBuildConfiguration;
			buildSettings = {
				ALWAYS_SEARCH_USER_PATHS = NO;
				CLANG_ANALYZER_NONNULL = YES;
				CLANG_ANALYZER_NUMBER_OBJECT_CONVERSION = YES_AGGRESSIVE;
				CLANG_CXX_LANGUAGE_STANDARD = "gnu++14";
				CLANG_CXX_LIBRARY = "libc++";
				CLANG_ENABLE_MODULES = YES;
				CLANG_ENABLE_OBJC_ARC = YES;
				CLANG_ENABLE_OBJC_WEAK = YES;
				CLANG_WARN_BLOCK_CAPTURE_AUTORELEASING = YES;
				CLANG_WARN_BOOL_CONVERSION = YES;
				CLANG_WARN_COMMA = YES;
				CLANG_WARN_CONSTANT_CONVERSION = YES;
				CLANG_WARN_DEPRECATED_OBJC_IMPLEMENTATIONS = YES;
				CLANG_WARN_DIRECT_OBJC_ISA_USAGE = YES_ERROR;
				CLANG_WARN_DOCUMENTATION_COMMENTS = YES;
				CLANG_WARN_EMPTY_BODY = YES;
				CLANG_WARN_ENUM_CONVERSION = YES;
				CLANG_WARN_INFINITE_RECURSION = YES;
				CLANG_WARN_INT_CONVERSION = YES;
				CLANG_WARN_NON_LITERAL_NULL_CONVERSION = YES;
				CLANG_WARN_OBJC_IMPLICIT_RETAIN_SELF = YES;
				CLANG_WARN_OBJC_LITERAL_CONVERSION = YES;
				CLANG_WARN_OBJC_ROOT_CLASS = YES_ERROR;
				CLANG_WARN_QUOTED_INCLUDE_IN_FRAMEWORK_HEADER = YES;
				CLANG_WARN_RANGE_LOOP_ANALYSIS = YES;
				CLANG_WARN_STRICT_PROTOTYPES = YES;
				CLANG_WARN_SUSPICIOUS_MOVE = YES;
				CLANG_WARN_UNGUARDED_AVAILABILITY = YES_AGGRESSIVE;
				CLANG_WARN_UNREACHABLE_CODE = YES;
				CLANG_WARN__DUPLICATE_METHOD_MATCH = YES;
				COPY_PHASE_STRIP = NO;
				DEBUG_INFORMATION_FORMAT = dwarf;
				ENABLE_STRICT_OBJC_MSGSEND = YES;
				ENABLE_TESTABILITY = YES;
				GCC_C_LANGUAGE_STANDARD = gnu11;
				GCC_DYNAMIC_NO_PIC = NO;
				GCC_NO_COMMON_BLOCKS = YES;
				GCC_OPTIMIZATION_LEVEL = 0;
				GCC_PREPROCESSOR_DEFINITIONS = (
					"DEBUG=1",
					"$(inherited)",
				);
				GCC_WARN_64_TO_32_BIT_CONVERSION = YES;
				GCC_WARN_ABOUT_RETURN_TYPE = YES_ERROR;
				GCC_WARN_UNDECLARED_SELECTOR = YES;
				GCC_WARN_UNINITIALIZED_AUTOS = YES_AGGRESSIVE;
				GCC_WARN_UNUSED_FUNCTION = YES;
				GCC_WARN_UNUSED_VARIABLE = YES;
				MACOSX_DEPLOYMENT_TARGET = 10.15;
				MTL_ENABLE_DEBUG_INFO = INCLUDE_SOURCE;
				MTL_FAST_MATH = YES;
				ONLY_ACTIVE_ARCH = YES;
				SDKROOT = macosx;
			};
			name = Debug;
		};
		49C5DA452606612500D97A3E /* Release */ = {
			isa = XCBuildConfiguration;
			buildSettings = {
				ALWAYS_SEARCH_USER_PATHS = NO;
				CLANG_ANALYZER_NONNULL = YES;
				CLANG_ANALYZER_NUMBER_OBJECT_CONVERSION = YES_AGGRESSIVE;
				CLANG_CXX_LANGUAGE_STANDARD = "gnu++14";
				CLANG_CXX_LIBRARY = "libc++";
				CLANG_ENABLE_MODULES = YES;
				CLANG_ENABLE_OBJC_ARC = YES;
				CLANG_ENABLE_OBJC_WEAK = YES;
				CLANG_WARN_BLOCK_CAPTURE_AUTORELEASING = YES;
				CLANG_WARN_BOOL_CONVERSION = YES;
				CLANG_WARN_COMMA = YES;
				CLANG_WARN_CONSTANT_CONVERSION = YES;
				CLANG_WARN_DEPRECATED_OBJC_IMPLEMENTATIONS = YES;
				CLANG_WARN_DIRECT_OBJC_ISA_USAGE = YES_ERROR;
				CLANG_WARN_DOCUMENTATION_COMMENTS = YES;
				CLANG_WARN_EMPTY_BODY = YES;
				CLANG_WARN_ENUM_CONVERSION = YES;
				CLANG_WARN_INFINITE_RECURSION = YES;
				CLANG_WARN_INT_CONVERSION = YES;
				CLANG_WARN_NON_LITERAL_NULL_CONVERSION = YES;
				CLANG_WARN_OBJC_IMPLICIT_RETAIN_SELF = YES;
				CLANG_WARN_OBJC_LITERAL_CONVERSION = YES;
				CLANG_WARN_OBJC_ROOT_CLASS = YES_ERROR;
				CLANG_WARN_QUOTED_INCLUDE_IN_FRAMEWORK_HEADER = YES;
				CLANG_WARN_RANGE_LOOP_ANALYSIS = YES;
				CLANG_WARN_STRICT_PROTOTYPES = YES;
				CLANG_WARN_SUSPICIOUS_MOVE = YES;
				CLANG_WARN_UNGUARDED_AVAILABILITY = YES_AGGRESSIVE;
				CLANG_WARN_UNREACHABLE_CODE = YES;
				CLANG_WARN__DUPLICATE_METHOD_MATCH = YES;
				COPY_PHASE_STRIP = NO;
				DEBUG_INFORMATION_FORMAT = "dwarf-with-dsym";
				ENABLE_NS_ASSERTIONS = NO;
				ENABLE_STRICT_OBJC_MSGSEND = YES;
				GCC_C_LANGUAGE_STANDARD = gnu11;
				GCC_NO_COMMON_BLOCKS = YES;
				GCC_WARN_64_TO_32_BIT_CONVERSION = YES;
				GCC_WARN_ABOUT_RETURN_TYPE = YES_ERROR;
				GCC_WARN_UNDECLARED_SELECTOR = YES;
				GCC_WARN_UNINITIALIZED_AUTOS = YES_AGGRESSIVE;
				GCC_WARN_UNUSED_FUNCTION = YES;
				GCC_WARN_UNUSED_VARIABLE = YES;
				MACOSX_DEPLOYMENT_TARGET = 10.15;
				MTL_ENABLE_DEBUG_INFO = NO;
				MTL_FAST_MATH = YES;
				SDKROOT = macosx;
			};
			name = Release;
		};
		49C5DA472606612500D97A3E /* Debug */ = {
			isa = XCBuildConfiguration;
			buildSettings = {
				ASSETCATALOG_COMPILER_APPICON_NAME = AppIcon;
				ASSETCATALOG_COMPILER_GLOBAL_ACCENT_COLOR_NAME = AccentColor;
				CODE_SIGN_ENTITLEMENTS = inspector/inspector.entitlements;
				CODE_SIGN_IDENTITY = "Apple Development";
				CODE_SIGN_STYLE = Automatic;
				COMBINE_HIDPI_IMAGES = YES;
				CONFIGURATION_BUILD_DIR = ../../../bin/macosx;
				DEVELOPMENT_TEAM = 642T6M376L;
				ENABLE_HARDENED_RUNTIME = YES;
				HEADER_SEARCH_PATHS = ../../../include;
				INFOPLIST_FILE = inspector/Info.plist;
				LD_RUNPATH_SEARCH_PATHS = (
					"$(inherited)",
					"@executable_path/../Frameworks",
				);
				PRODUCT_BUNDLE_IDENTIFIER = sciter.js.inspector;
				PRODUCT_NAME = "$(TARGET_NAME)";
			};
			name = Debug;
		};
		49C5DA482606612500D97A3E /* Release */ = {
			isa = XCBuildConfiguration;
			buildSettings = {
				ASSETCATALOG_COMPILER_APPICON_NAME = AppIcon;
				ASSETCATALOG_COMPILER_GLOBAL_ACCENT_COLOR_NAME = AccentColor;
				CODE_SIGN_ENTITLEMENTS = inspector/inspector.entitlements;
				CODE_SIGN_IDENTITY = "Apple Development";
				CODE_SIGN_STYLE = Automatic;
				COMBINE_HIDPI_IMAGES = YES;
				CONFIGURATION_BUILD_DIR = ../../../bin/macosx;
				DEVELOPMENT_TEAM = 642T6M376L;
				ENABLE_HARDENED_RUNTIME = YES;
				HEADER_SEARCH_PATHS = ../../../include;
				INFOPLIST_FILE = inspector/Info.plist;
				LD_RUNPATH_SEARCH_PATHS = (
					"$(inherited)",
					"@executable_path/../Frameworks",
				);
				PRODUCT_BUNDLE_IDENTIFIER = sciter.js.inspector;
				PRODUCT_NAME = "$(TARGET_NAME)";
			};
			name = Release;
		};
/* End XCBuildConfiguration section */

/* Begin XCConfigurationList section */
		49C5DA302606612400D97A3E /* Build configuration list for PBXProject "inspector" */ = {
			isa = XCConfigurationList;
			buildConfigurations = (
				49C5DA442606612500D97A3E /* Debug */,
				49C5DA452606612500D97A3E /* Release */,
			);
			defaultConfigurationIsVisible = 0;
			defaultConfigurationName = Release;
		};
		49C5DA462606612500D97A3E /* Build configuration list for PBXNativeTarget "inspector" */ = {
			isa = XCConfigurationList;
			buildConfigurations = (
				49C5DA472606612500D97A3E /* Debug */,
				49C5DA482606612500D97A3E /* Release */,
			);
			defaultConfigurationIsVisible = 0;
			defaultConfigurationName = Release;
		};
/* End XCConfigurationList section */
	};
	rootObject = 49C5DA2D2606612400D97A3E /* Project object */;
}
